
Microsoft Visual Studio Solution File, Format Version 12.00
# Visual Studio Version 17
VisualStudioVersion = 17.14.36212.18 d17.14
MinimumVisualStudioVersion = 10.0.40219.1
Project("{FAE04EC0-301F-11D3-BF4B-00C04F79EFBC}") = "ThreadingExamples", "ThreadingExamples\ThreadingExamples.csproj", "{30ABF044-BDED-4EB0-831B-465C6A40AB3C}"
EndProject
Project("{FAE04EC0-301F-11D3-BF4B-00C04F79EFBC}") = "ThreadingExamples2", "ThreadingExamples2\ThreadingExamples2.csproj", "{26C984B1-53C9-4F93-861E-E580EA2145D9}"
EndProject
Project("{FAE04EC0-301F-11D3-BF4B-00C04F79EFBC}") = "ThreadingExamples3", "ThreadingExamples3\ThreadingExamples3.csproj", "{0974CF6A-7173-4FE4-9C77-9D9BC8A9D6EF}"
EndProject
Project("{FAE04EC0-301F-11D3-BF4B-00C04F79EFBC}") = "SynchronizationInThreads", "SynchronizationInThreads\SynchronizationInThreads.csproj", "{60409CFC-2221-4E3B-8EF2-7C431A929F44}"
EndProject
Project("{FAE04EC0-301F-11D3-BF4B-00C04F79EFBC}") = "LockIn9", "LockIn9\LockIn9.csproj", "{77229657-4352-44B5-9FAC-80A330002D41}"
EndProject
Global
	GlobalSection(SolutionConfigurationPlatforms) = preSolution
		Debug|Any CPU = Debug|Any CPU
		Release|Any CPU = Release|Any CPU
	EndGlobalSection
	GlobalSection(ProjectConfigurationPlatforms) = postSolution
		{30ABF044-BDED-4EB0-831B-465C6A40AB3C}.Debug|Any CPU.ActiveCfg = Debug|Any CPU
		{30ABF044-BDED-4EB0-831B-465C6A40AB3C}.Debug|Any CPU.Build.0 = Debug|Any CPU
		{30ABF044-BDED-4EB0-831B-465C6A40AB3C}.Release|Any CPU.ActiveCfg = Release|Any CPU
		{30ABF044-BDED-4EB0-831B-465C6A40AB3C}.Release|Any CPU.Build.0 = Release|Any CPU
		{26C984B1-53C9-4F93-861E-E580EA2145D9}.Debug|Any CPU.ActiveCfg = Debug|Any CPU
		{26C984B1-53C9-4F93-861E-E580EA2145D9}.Debug|Any CPU.Build.0 = Debug|Any CPU
		{26C984B1-53C9-4F93-861E-E580EA2145D9}.Release|Any CPU.ActiveCfg = Release|Any CPU
		{26C984B1-53C9-4F93-861E-E580EA2145D9}.Release|Any CPU.Build.0 = Release|Any CPU
		{0974CF6A-7173-4FE4-9C77-9D9BC8A9D6EF}.Debug|Any CPU.ActiveCfg = Debug|Any CPU
		{0974CF6A-7173-4FE4-9C77-9D9BC8A9D6EF}.Debug|Any CPU.Build.0 = Debug|Any CPU
		{0974CF6A-7173-4FE4-9C77-9D9BC8A9D6EF}.Release|Any CPU.ActiveCfg = Release|Any CPU
		{0974CF6A-7173-4FE4-9C77-9D9BC8A9D6EF}.Release|Any CPU.Build.0 = Release|Any CPU
		{60409CFC-2221-4E3B-8EF2-7C431A929F44}.Debug|Any CPU.ActiveCfg = Debug|Any CPU
		{60409CFC-2221-4E3B-8EF2-7C431A929F44}.Debug|Any CPU.Build.0 = Debug|Any CPU
		{60409CFC-2221-4E3B-8EF2-7C431A929F44}.Release|Any CPU.ActiveCfg = Release|Any CPU
		{60409CFC-2221-4E3B-8EF2-7C431A929F44}.Release|Any CPU.Build.0 = Release|Any CPU
		{77229657-4352-44B5-9FAC-80A330002D41}.Debug|Any CPU.ActiveCfg = Debug|Any CPU
		{77229657-4352-44B5-9FAC-80A330002D41}.Debug|Any CPU.Build.0 = Debug|Any CPU
		{77229657-4352-44B5-9FAC-80A330002D41}.Release|Any CPU.ActiveCfg = Release|Any CPU
		{77229657-4352-44B5-9FAC-80A330002D41}.Release|Any CPU.Build.0 = Release|Any CPU
	EndGlobalSection
	GlobalSection(SolutionProperties) = preSolution
		HideSolutionNode = FALSE
	EndGlobalSection
	GlobalSection(ExtensibilityGlobals) = postSolution
		SolutionGuid = {E65EE158-D4F8-4232-B6DB-44D32580A9C0}
	EndGlobalSection
EndGlobal
